
Microsoft Visual Studio Solution File, Format Version 12.00
# Visual Studio 14
VisualStudioVersion = 14.0.24720.0
MinimumVisualStudioVersion = 10.0.40219.1
Project("{2150E333-8FDC-42A3-9474-1A3956D46DE8}") = "Git", "Git", "{6D7E6A88-C576-4341-818C-87643402CADD}"
	ProjectSection(SolutionItems) = preProject
		.gitignore = .gitignore
		README.md = README.md
	EndProjectSection
EndProject
Project("{FAE04EC0-301F-11D3-BF4B-00C04F79EFBC}") = "Digioma.Office365.Client", "Digioma.Office365.Client.csproj", "{B05F237E-604F-47A0-BF49-BA19E4E251BF}"
EndProject
Global
	GlobalSection(SolutionConfigurationPlatforms) = preSolution
		Debug|Any CPU = Debug|Any CPU
		Release|Any CPU = Release|Any CPU
	EndGlobalSection
	GlobalSection(ProjectConfigurationPlatforms) = postSolution
		{B05F237E-604F-47A0-BF49-BA19E4E251BF}.Debug|Any CPU.ActiveCfg = Debug|Any CPU
		{B05F237E-604F-47A0-BF49-BA19E4E251BF}.Debug|Any CPU.Build.0 = Debug|Any CPU
		{B05F237E-604F-47A0-BF49-BA19E4E251BF}.Release|Any CPU.ActiveCfg = Release|Any CPU
		{B05F237E-604F-47A0-BF49-BA19E4E251BF}.Release|Any CPU.Build.0 = Release|Any CPU
	EndGlobalSection
	GlobalSection(SolutionProperties) = preSolution
		HideSolutionNode = FALSE
	EndGlobalSection
EndGlobal
